// !$*UTF8*$!
{
	archiveVersion = 1;
	classes = {
	};
	objectVersion = 51;
	objects = {

/* Begin PBXBuildFile section */
		67F85D491437577F38FBADF3 /* Pods_Expo.framework in Frameworks */ = {isa = PBXBuildFile; fileRef = EFE9F9A4217C60EB6836EC33 /* Pods_Expo.framework */; };
		D41DA7BF2445B25A002EA632 /* APIClient.swift in Sources */ = {isa = PBXBuildFile; fileRef = D41DA7BE2445B25A002EA632 /* APIClient.swift */; };
		D41DA7C12445DE8D002EA632 /* UIAlertControllerExtension.swift in Sources */ = {isa = PBXBuildFile; fileRef = D41DA7C02445DE8D002EA632 /* UIAlertControllerExtension.swift */; };
		D41DA7C324461732002EA632 /* UserToExpo.swift in Sources */ = {isa = PBXBuildFile; fileRef = D41DA7C224461732002EA632 /* UserToExpo.swift */; };
		D42325EB2440D7B50037FB07 /* MyExpoListTableViewController.swift in Sources */ = {isa = PBXBuildFile; fileRef = D42325EA2440D7B50037FB07 /* MyExpoListTableViewController.swift */; };
		D440E26E242FECFA00F8B986 /* Expo.swift in Sources */ = {isa = PBXBuildFile; fileRef = D440E26D242FECFA00F8B986 /* Expo.swift */; };
		D440E2742430001800F8B986 /* ARModel.swift in Sources */ = {isa = PBXBuildFile; fileRef = D440E2732430001800F8B986 /* ARModel.swift */; };
		D440E27B24311BCB00F8B986 /* SettingsViewController.swift in Sources */ = {isa = PBXBuildFile; fileRef = D440E27A24311BCB00F8B986 /* SettingsViewController.swift */; };
		D440E27D24311C3500F8B986 /* MyExposViewController.swift in Sources */ = {isa = PBXBuildFile; fileRef = D440E27C24311C3500F8B986 /* MyExposViewController.swift */; };
		D440E28224311EE100F8B986 /* MainScreenViewController.swift in Sources */ = {isa = PBXBuildFile; fileRef = D440E28124311EE100F8B986 /* MainScreenViewController.swift */; };
		D440E28424311F2B00F8B986 /* ExpoListTableViewController.swift in Sources */ = {isa = PBXBuildFile; fileRef = D440E28324311F2B00F8B986 /* ExpoListTableViewController.swift */; };
		D440E28724311F6200F8B986 /* ExpoTableViewCell.swift in Sources */ = {isa = PBXBuildFile; fileRef = D440E28624311F6200F8B986 /* ExpoTableViewCell.swift */; };
		D440E28A24312C0500F8B986 /* UIImageViewExtension.swift in Sources */ = {isa = PBXBuildFile; fileRef = D440E28924312C0500F8B986 /* UIImageViewExtension.swift */; };
		D4435E3A244A028E00A7B9EA /* ParameterKeys.swift in Sources */ = {isa = PBXBuildFile; fileRef = D4435E39244A028E00A7B9EA /* ParameterKeys.swift */; };
		D4435E61244B790B00A7B9EA /* art.scnassets in Resources */ = {isa = PBXBuildFile; fileRef = D4435E60244B790A00A7B9EA /* art.scnassets */; };
		D44DF67D2432476C00DC8BD2 /* RootViewController.swift in Sources */ = {isa = PBXBuildFile; fileRef = D44DF67C2432476C00DC8BD2 /* RootViewController.swift */; };
		D44DF6802432484700DC8BD2 /* SplashViewController.swift in Sources */ = {isa = PBXBuildFile; fileRef = D44DF67F2432484700DC8BD2 /* SplashViewController.swift */; };
		D44DF6822432487000DC8BD2 /* Defaults.swift in Sources */ = {isa = PBXBuildFile; fileRef = D44DF6812432487000DC8BD2 /* Defaults.swift */; };
		D44E6C93242E40460082A784 /* SignUpViewController.swift in Sources */ = {isa = PBXBuildFile; fileRef = D44E6C92242E40460082A784 /* SignUpViewController.swift */; };
		D450C160243E0D19009D93DD /* AuthChoiceViewController.swift in Sources */ = {isa = PBXBuildFile; fileRef = D450C15F243E0D19009D93DD /* AuthChoiceViewController.swift */; };
		D450C164243E1B60009D93DD /* AppSession.swift in Sources */ = {isa = PBXBuildFile; fileRef = D450C163243E1B60009D93DD /* AppSession.swift */; };
		D450C166243E6092009D93DD /* UIStoryboardExtension.swift in Sources */ = {isa = PBXBuildFile; fileRef = D450C165243E6092009D93DD /* UIStoryboardExtension.swift */; };
		D450C168243E67B6009D93DD /* MainScreenTabBarController.swift in Sources */ = {isa = PBXBuildFile; fileRef = D450C167243E67B6009D93DD /* MainScreenTabBarController.swift */; };
		D450C16B243F57A0009D93DD /* ExpoViewController.swift in Sources */ = {isa = PBXBuildFile; fileRef = D450C16A243F57A0009D93DD /* ExpoViewController.swift */; };
		D450C16E243F8A97009D93DD /* DateFromatting.swift in Sources */ = {isa = PBXBuildFile; fileRef = D450C16D243F8A97009D93DD /* DateFromatting.swift */; };
		D450C172243F9D46009D93DD /* UIViewExtension.swift in Sources */ = {isa = PBXBuildFile; fileRef = D450C171243F9D46009D93DD /* UIViewExtension.swift */; };
		D450C174243FAEFC009D93DD /* Download.swift in Sources */ = {isa = PBXBuildFile; fileRef = D450C173243FAEFC009D93DD /* Download.swift */; };
		D450C179243FC520009D93DD /* ProfileTableViewCell.swift in Sources */ = {isa = PBXBuildFile; fileRef = D450C177243FC520009D93DD /* ProfileTableViewCell.swift */; };
		D450C17C243FD04E009D93DD /* AuthChoiceNavigationController.swift in Sources */ = {isa = PBXBuildFile; fileRef = D450C17B243FD04E009D93DD /* AuthChoiceNavigationController.swift */; };
		D450C17E2440A5FF009D93DD /* ProfileViewController.swift in Sources */ = {isa = PBXBuildFile; fileRef = D450C17D2440A5FF009D93DD /* ProfileViewController.swift */; };
		D456BEC4242EB54B006D9965 /* SegueHandler.swift in Sources */ = {isa = PBXBuildFile; fileRef = D456BEC3242EB54B006D9965 /* SegueHandler.swift */; };
		D470C054242E5FCD00ED48DA /* FormDataSender.swift in Sources */ = {isa = PBXBuildFile; fileRef = D470C053242E5FCD00ED48DA /* FormDataSender.swift */; };
		D470C056242E630200ED48DA /* User.swift in Sources */ = {isa = PBXBuildFile; fileRef = D470C055242E630200ED48DA /* User.swift */; };
		D470C058242E6EC100ED48DA /* UIButtonExtension.swift in Sources */ = {isa = PBXBuildFile; fileRef = D470C057242E6EC100ED48DA /* UIButtonExtension.swift */; };
		D470C05C242E7ECF00ED48DA /* .gitignore in Resources */ = {isa = PBXBuildFile; fileRef = D470C05B242E7ECF00ED48DA /* .gitignore */; };
		D470C05E242EA93A00ED48DA /* AuthenticationViewController.swift in Sources */ = {isa = PBXBuildFile; fileRef = D470C05D242EA93A00ED48DA /* AuthenticationViewController.swift */; };
		D48BF08C242E342900F43C57 /* AppDelegate.swift in Sources */ = {isa = PBXBuildFile; fileRef = D48BF08B242E342900F43C57 /* AppDelegate.swift */; };
		D48BF08E242E342900F43C57 /* SceneDelegate.swift in Sources */ = {isa = PBXBuildFile; fileRef = D48BF08D242E342900F43C57 /* SceneDelegate.swift */; };
		D48BF090242E342900F43C57 /* LogInViewController.swift in Sources */ = {isa = PBXBuildFile; fileRef = D48BF08F242E342900F43C57 /* LogInViewController.swift */; };
		D48BF093242E342900F43C57 /* Main.storyboard in Resources */ = {isa = PBXBuildFile; fileRef = D48BF091242E342900F43C57 /* Main.storyboard */; };
		D48BF098242E342E00F43C57 /* LaunchScreen.storyboard in Resources */ = {isa = PBXBuildFile; fileRef = D48BF096242E342E00F43C57 /* LaunchScreen.storyboard */; };
		D4928C6D244CA92600D2405C /* Localization.swift in Sources */ = {isa = PBXBuildFile; fileRef = D4928C6C244CA92600D2405C /* Localization.swift */; };
		D4928C72244CCC1E00D2405C /* Localizable.strings in Resources */ = {isa = PBXBuildFile; fileRef = D4928C70244CABE600D2405C /* Localizable.strings */; };
		D4928C74244F5FD800D2405C /* ImgurEndPoint.swift in Sources */ = {isa = PBXBuildFile; fileRef = D4928C73244F5FD800D2405C /* ImgurEndPoint.swift */; };
		D4928C76244F63CF00D2405C /* ImgurResponse.swift in Sources */ = {isa = PBXBuildFile; fileRef = D4928C75244F63CF00D2405C /* ImgurResponse.swift */; };
		D4928C772450312D00D2405C /* Assets.xcassets in Resources */ = {isa = PBXBuildFile; fileRef = D48BF094242E342E00F43C57 /* Assets.xcassets */; };
		D4B9A6F72447BF0B00E00602 /* FileSelectorTableViewCell.swift in Sources */ = {isa = PBXBuildFile; fileRef = D4B9A6F62447BF0B00E00602 /* FileSelectorTableViewCell.swift */; };
		D4C81767244645F900A33505 /* Comment.swift in Sources */ = {isa = PBXBuildFile; fileRef = D4C81766244645F900A33505 /* Comment.swift */; };
		D4C817692446585300A33505 /* ManageExpoViewController.swift in Sources */ = {isa = PBXBuildFile; fileRef = D4C817682446585300A33505 /* ManageExpoViewController.swift */; };
		D4C8176D244670E300A33505 /* ARViewController.swift in Sources */ = {isa = PBXBuildFile; fileRef = D4C8176C244670E300A33505 /* ARViewController.swift */; };
		D4C8176F244670FD00A33505 /* CommentsViewController.swift in Sources */ = {isa = PBXBuildFile; fileRef = D4C8176E244670FD00A33505 /* CommentsViewController.swift */; };
		D4C8177124473B3F00A33505 /* ExpoNavigationController.swift in Sources */ = {isa = PBXBuildFile; fileRef = D4C8177024473B3F00A33505 /* ExpoNavigationController.swift */; };
		D4C817752447616300A33505 /* CommentTableViewCell.swift in Sources */ = {isa = PBXBuildFile; fileRef = D4C817742447616200A33505 /* CommentTableViewCell.swift */; };
		D4DC5A6F2444D7D0005285D5 /* UserEndPoint.swift in Sources */ = {isa = PBXBuildFile; fileRef = D4DC5A6E2444D7D0005285D5 /* UserEndPoint.swift */; };
		D4DC5A712444D7EA005285D5 /* ExpoEndPoint.swift in Sources */ = {isa = PBXBuildFile; fileRef = D4DC5A702444D7EA005285D5 /* ExpoEndPoint.swift */; };
		D4DC5A732444D844005285D5 /* CommentsEndPoint.swift in Sources */ = {isa = PBXBuildFile; fileRef = D4DC5A722444D844005285D5 /* CommentsEndPoint.swift */; };
		D4DC5A752444D862005285D5 /* ExpoModelEndPoint.swift in Sources */ = {isa = PBXBuildFile; fileRef = D4DC5A742444D862005285D5 /* ExpoModelEndPoint.swift */; };
		D4DC5A782444DF3F005285D5 /* ParameterEncoder.swift in Sources */ = {isa = PBXBuildFile; fileRef = D4DC5A772444DF3F005285D5 /* ParameterEncoder.swift */; };
		D4DC5A7A2444DFD3005285D5 /* URLParameterEncoder.swift in Sources */ = {isa = PBXBuildFile; fileRef = D4DC5A792444DFD3005285D5 /* URLParameterEncoder.swift */; };
		D4DC5A7D2444E070005285D5 /* Errors.swift in Sources */ = {isa = PBXBuildFile; fileRef = D4DC5A7C2444E070005285D5 /* Errors.swift */; };
		D4DC5A7F2444E32E005285D5 /* JSONParameterEncoder.swift in Sources */ = {isa = PBXBuildFile; fileRef = D4DC5A7E2444E32E005285D5 /* JSONParameterEncoder.swift */; };
		D4DC5A812444E5E4005285D5 /* HTTPTask.swift in Sources */ = {isa = PBXBuildFile; fileRef = D4DC5A802444E5E4005285D5 /* HTTPTask.swift */; };
		D4DC5A832444E9E5005285D5 /* NetworkRouter.swift in Sources */ = {isa = PBXBuildFile; fileRef = D4DC5A822444E9E5005285D5 /* NetworkRouter.swift */; };
		D4DC5A852444EA8D005285D5 /* Router.swift in Sources */ = {isa = PBXBuildFile; fileRef = D4DC5A842444EA8D005285D5 /* Router.swift */; };
		D4E6C80C2444C1550067563D /* EndPointType.swift in Sources */ = {isa = PBXBuildFile; fileRef = D4E6C80B2444C1550067563D /* EndPointType.swift */; };
		D4E6C80E2444C2E70067563D /* Constants.swift in Sources */ = {isa = PBXBuildFile; fileRef = D4E6C80D2444C2E70067563D /* Constants.swift */; };
		D4E6C8112444C37F0067563D /* AuthEndPoint.swift in Sources */ = {isa = PBXBuildFile; fileRef = D4E6C8102444C37F0067563D /* AuthEndPoint.swift */; };
/* End PBXBuildFile section */

/* Begin PBXFileReference section */
		D017D3FCD9BDE450934CA987 /* Pods-Expo.release.xcconfig */ = {isa = PBXFileReference; includeInIndex = 1; lastKnownFileType = text.xcconfig; name = "Pods-Expo.release.xcconfig"; path = "Target Support Files/Pods-Expo/Pods-Expo.release.xcconfig"; sourceTree = "<group>"; };
		D41DA7BE2445B25A002EA632 /* APIClient.swift */ = {isa = PBXFileReference; lastKnownFileType = sourcecode.swift; path = APIClient.swift; sourceTree = "<group>"; };
		D41DA7C02445DE8D002EA632 /* UIAlertControllerExtension.swift */ = {isa = PBXFileReference; lastKnownFileType = sourcecode.swift; path = UIAlertControllerExtension.swift; sourceTree = "<group>"; };
		D41DA7C224461732002EA632 /* UserToExpo.swift */ = {isa = PBXFileReference; lastKnownFileType = sourcecode.swift; path = UserToExpo.swift; sourceTree = "<group>"; };
		D42325EA2440D7B50037FB07 /* MyExpoListTableViewController.swift */ = {isa = PBXFileReference; lastKnownFileType = sourcecode.swift; path = MyExpoListTableViewController.swift; sourceTree = "<group>"; };
		D440E26D242FECFA00F8B986 /* Expo.swift */ = {isa = PBXFileReference; lastKnownFileType = sourcecode.swift; path = Expo.swift; sourceTree = "<group>"; };
		D440E2732430001800F8B986 /* ARModel.swift */ = {isa = PBXFileReference; lastKnownFileType = sourcecode.swift; path = ARModel.swift; sourceTree = "<group>"; };
		D440E27A24311BCB00F8B986 /* SettingsViewController.swift */ = {isa = PBXFileReference; lastKnownFileType = sourcecode.swift; path = SettingsViewController.swift; sourceTree = "<group>"; };
		D440E27C24311C3500F8B986 /* MyExposViewController.swift */ = {isa = PBXFileReference; lastKnownFileType = sourcecode.swift; path = MyExposViewController.swift; sourceTree = "<group>"; };
		D440E28124311EE100F8B986 /* MainScreenViewController.swift */ = {isa = PBXFileReference; lastKnownFileType = sourcecode.swift; path = MainScreenViewController.swift; sourceTree = "<group>"; };
		D440E28324311F2B00F8B986 /* ExpoListTableViewController.swift */ = {isa = PBXFileReference; lastKnownFileType = sourcecode.swift; path = ExpoListTableViewController.swift; sourceTree = "<group>"; };
		D440E28624311F6200F8B986 /* ExpoTableViewCell.swift */ = {isa = PBXFileReference; lastKnownFileType = sourcecode.swift; path = ExpoTableViewCell.swift; sourceTree = "<group>"; };
		D440E28924312C0500F8B986 /* UIImageViewExtension.swift */ = {isa = PBXFileReference; lastKnownFileType = sourcecode.swift; path = UIImageViewExtension.swift; sourceTree = "<group>"; };
		D4435E39244A028E00A7B9EA /* ParameterKeys.swift */ = {isa = PBXFileReference; lastKnownFileType = sourcecode.swift; path = ParameterKeys.swift; sourceTree = "<group>"; };
		D4435E60244B790A00A7B9EA /* art.scnassets */ = {isa = PBXFileReference; lastKnownFileType = wrapper.scnassets; path = art.scnassets; sourceTree = "<group>"; };
		D44DF67C2432476C00DC8BD2 /* RootViewController.swift */ = {isa = PBXFileReference; lastKnownFileType = sourcecode.swift; path = RootViewController.swift; sourceTree = "<group>"; };
		D44DF67F2432484700DC8BD2 /* SplashViewController.swift */ = {isa = PBXFileReference; lastKnownFileType = sourcecode.swift; path = SplashViewController.swift; sourceTree = "<group>"; };
		D44DF6812432487000DC8BD2 /* Defaults.swift */ = {isa = PBXFileReference; lastKnownFileType = sourcecode.swift; path = Defaults.swift; sourceTree = "<group>"; };
		D44E6C92242E40460082A784 /* SignUpViewController.swift */ = {isa = PBXFileReference; lastKnownFileType = sourcecode.swift; path = SignUpViewController.swift; sourceTree = "<group>"; };
		D450C15F243E0D19009D93DD /* AuthChoiceViewController.swift */ = {isa = PBXFileReference; lastKnownFileType = sourcecode.swift; path = AuthChoiceViewController.swift; sourceTree = "<group>"; };
		D450C163243E1B60009D93DD /* AppSession.swift */ = {isa = PBXFileReference; lastKnownFileType = sourcecode.swift; path = AppSession.swift; sourceTree = "<group>"; };
		D450C165243E6092009D93DD /* UIStoryboardExtension.swift */ = {isa = PBXFileReference; lastKnownFileType = sourcecode.swift; path = UIStoryboardExtension.swift; sourceTree = "<group>"; };
		D450C167243E67B6009D93DD /* MainScreenTabBarController.swift */ = {isa = PBXFileReference; lastKnownFileType = sourcecode.swift; path = MainScreenTabBarController.swift; sourceTree = "<group>"; };
		D450C16A243F57A0009D93DD /* ExpoViewController.swift */ = {isa = PBXFileReference; lastKnownFileType = sourcecode.swift; path = ExpoViewController.swift; sourceTree = "<group>"; };
		D450C16D243F8A97009D93DD /* DateFromatting.swift */ = {isa = PBXFileReference; lastKnownFileType = sourcecode.swift; path = DateFromatting.swift; sourceTree = "<group>"; };
		D450C171243F9D46009D93DD /* UIViewExtension.swift */ = {isa = PBXFileReference; lastKnownFileType = sourcecode.swift; path = UIViewExtension.swift; sourceTree = "<group>"; };
		D450C173243FAEFC009D93DD /* Download.swift */ = {isa = PBXFileReference; lastKnownFileType = sourcecode.swift; path = Download.swift; sourceTree = "<group>"; };
		D450C177243FC520009D93DD /* ProfileTableViewCell.swift */ = {isa = PBXFileReference; lastKnownFileType = sourcecode.swift; path = ProfileTableViewCell.swift; sourceTree = "<group>"; };
		D450C17B243FD04E009D93DD /* AuthChoiceNavigationController.swift */ = {isa = PBXFileReference; lastKnownFileType = sourcecode.swift; path = AuthChoiceNavigationController.swift; sourceTree = "<group>"; };
		D450C17D2440A5FF009D93DD /* ProfileViewController.swift */ = {isa = PBXFileReference; lastKnownFileType = sourcecode.swift; path = ProfileViewController.swift; sourceTree = "<group>"; };
		D456BEC3242EB54B006D9965 /* SegueHandler.swift */ = {isa = PBXFileReference; lastKnownFileType = sourcecode.swift; path = SegueHandler.swift; sourceTree = "<group>"; };
		D470C053242E5FCD00ED48DA /* FormDataSender.swift */ = {isa = PBXFileReference; lastKnownFileType = sourcecode.swift; path = FormDataSender.swift; sourceTree = "<group>"; };
		D470C055242E630200ED48DA /* User.swift */ = {isa = PBXFileReference; lastKnownFileType = sourcecode.swift; path = User.swift; sourceTree = "<group>"; };
		D470C057242E6EC100ED48DA /* UIButtonExtension.swift */ = {isa = PBXFileReference; lastKnownFileType = sourcecode.swift; path = UIButtonExtension.swift; sourceTree = "<group>"; };
		D470C05B242E7ECF00ED48DA /* .gitignore */ = {isa = PBXFileReference; lastKnownFileType = text; path = .gitignore; sourceTree = "<group>"; };
		D470C05D242EA93A00ED48DA /* AuthenticationViewController.swift */ = {isa = PBXFileReference; lastKnownFileType = sourcecode.swift; path = AuthenticationViewController.swift; sourceTree = "<group>"; };
		D48BF088242E342900F43C57 /* Expo.app */ = {isa = PBXFileReference; explicitFileType = wrapper.application; includeInIndex = 0; path = Expo.app; sourceTree = BUILT_PRODUCTS_DIR; };
		D48BF08B242E342900F43C57 /* AppDelegate.swift */ = {isa = PBXFileReference; lastKnownFileType = sourcecode.swift; path = AppDelegate.swift; sourceTree = "<group>"; };
		D48BF08D242E342900F43C57 /* SceneDelegate.swift */ = {isa = PBXFileReference; lastKnownFileType = sourcecode.swift; path = SceneDelegate.swift; sourceTree = "<group>"; };
		D48BF08F242E342900F43C57 /* LogInViewController.swift */ = {isa = PBXFileReference; lastKnownFileType = sourcecode.swift; path = LogInViewController.swift; sourceTree = "<group>"; };
		D48BF092242E342900F43C57 /* Base */ = {isa = PBXFileReference; lastKnownFileType = file.storyboard; name = Base; path = Base.lproj/Main.storyboard; sourceTree = "<group>"; };
		D48BF094242E342E00F43C57 /* Assets.xcassets */ = {isa = PBXFileReference; lastKnownFileType = folder.assetcatalog; path = Assets.xcassets; sourceTree = "<group>"; };
		D48BF097242E342E00F43C57 /* Base */ = {isa = PBXFileReference; lastKnownFileType = file.storyboard; name = Base; path = Base.lproj/LaunchScreen.storyboard; sourceTree = "<group>"; };
		D48BF099242E342E00F43C57 /* Info.plist */ = {isa = PBXFileReference; lastKnownFileType = text.plist.xml; path = Info.plist; sourceTree = "<group>"; };
		D4928C65244CA20100D2405C /* uk */ = {isa = PBXFileReference; lastKnownFileType = text.plist.strings; name = uk; path = uk.lproj/Main.strings; sourceTree = "<group>"; };
		D4928C66244CA20200D2405C /* uk */ = {isa = PBXFileReference; lastKnownFileType = text.plist.strings; name = uk; path = uk.lproj/LaunchScreen.strings; sourceTree = "<group>"; };
		D4928C6C244CA92600D2405C /* Localization.swift */ = {isa = PBXFileReference; lastKnownFileType = sourcecode.swift; path = Localization.swift; sourceTree = "<group>"; };
		D4928C6F244CABE600D2405C /* en */ = {isa = PBXFileReference; lastKnownFileType = text.plist.strings; name = en; path = en.lproj/Localizable.strings; sourceTree = "<group>"; };
		D4928C71244CABEB00D2405C /* uk */ = {isa = PBXFileReference; lastKnownFileType = text.plist.strings; name = uk; path = uk.lproj/Localizable.strings; sourceTree = "<group>"; };
		D4928C73244F5FD800D2405C /* ImgurEndPoint.swift */ = {isa = PBXFileReference; lastKnownFileType = sourcecode.swift; path = ImgurEndPoint.swift; sourceTree = "<group>"; };
		D4928C75244F63CF00D2405C /* ImgurResponse.swift */ = {isa = PBXFileReference; lastKnownFileType = sourcecode.swift; path = ImgurResponse.swift; sourceTree = "<group>"; };
		D4B9A6F62447BF0B00E00602 /* FileSelectorTableViewCell.swift */ = {isa = PBXFileReference; lastKnownFileType = sourcecode.swift; path = FileSelectorTableViewCell.swift; sourceTree = "<group>"; };
		D4C81766244645F900A33505 /* Comment.swift */ = {isa = PBXFileReference; lastKnownFileType = sourcecode.swift; path = Comment.swift; sourceTree = "<group>"; };
		D4C817682446585300A33505 /* ManageExpoViewController.swift */ = {isa = PBXFileReference; lastKnownFileType = sourcecode.swift; path = ManageExpoViewController.swift; sourceTree = "<group>"; };
		D4C8176C244670E300A33505 /* ARViewController.swift */ = {isa = PBXFileReference; lastKnownFileType = sourcecode.swift; path = ARViewController.swift; sourceTree = "<group>"; };
		D4C8176E244670FD00A33505 /* CommentsViewController.swift */ = {isa = PBXFileReference; lastKnownFileType = sourcecode.swift; path = CommentsViewController.swift; sourceTree = "<group>"; };
		D4C8177024473B3F00A33505 /* ExpoNavigationController.swift */ = {isa = PBXFileReference; lastKnownFileType = sourcecode.swift; path = ExpoNavigationController.swift; sourceTree = "<group>"; };
		D4C817742447616200A33505 /* CommentTableViewCell.swift */ = {isa = PBXFileReference; lastKnownFileType = sourcecode.swift; path = CommentTableViewCell.swift; sourceTree = "<group>"; };
		D4DC5A6E2444D7D0005285D5 /* UserEndPoint.swift */ = {isa = PBXFileReference; lastKnownFileType = sourcecode.swift; path = UserEndPoint.swift; sourceTree = "<group>"; };
		D4DC5A702444D7EA005285D5 /* ExpoEndPoint.swift */ = {isa = PBXFileReference; lastKnownFileType = sourcecode.swift; path = ExpoEndPoint.swift; sourceTree = "<group>"; };
		D4DC5A722444D844005285D5 /* CommentsEndPoint.swift */ = {isa = PBXFileReference; lastKnownFileType = sourcecode.swift; path = CommentsEndPoint.swift; sourceTree = "<group>"; };
		D4DC5A742444D862005285D5 /* ExpoModelEndPoint.swift */ = {isa = PBXFileReference; lastKnownFileType = sourcecode.swift; path = ExpoModelEndPoint.swift; sourceTree = "<group>"; };
		D4DC5A772444DF3F005285D5 /* ParameterEncoder.swift */ = {isa = PBXFileReference; lastKnownFileType = sourcecode.swift; path = ParameterEncoder.swift; sourceTree = "<group>"; };
		D4DC5A792444DFD3005285D5 /* URLParameterEncoder.swift */ = {isa = PBXFileReference; lastKnownFileType = sourcecode.swift; path = URLParameterEncoder.swift; sourceTree = "<group>"; };
		D4DC5A7C2444E070005285D5 /* Errors.swift */ = {isa = PBXFileReference; lastKnownFileType = sourcecode.swift; path = Errors.swift; sourceTree = "<group>"; };
		D4DC5A7E2444E32E005285D5 /* JSONParameterEncoder.swift */ = {isa = PBXFileReference; lastKnownFileType = sourcecode.swift; path = JSONParameterEncoder.swift; sourceTree = "<group>"; };
		D4DC5A802444E5E4005285D5 /* HTTPTask.swift */ = {isa = PBXFileReference; lastKnownFileType = sourcecode.swift; path = HTTPTask.swift; sourceTree = "<group>"; };
		D4DC5A822444E9E5005285D5 /* NetworkRouter.swift */ = {isa = PBXFileReference; lastKnownFileType = sourcecode.swift; path = NetworkRouter.swift; sourceTree = "<group>"; };
		D4DC5A842444EA8D005285D5 /* Router.swift */ = {isa = PBXFileReference; lastKnownFileType = sourcecode.swift; path = Router.swift; sourceTree = "<group>"; };
		D4E6C80B2444C1550067563D /* EndPointType.swift */ = {isa = PBXFileReference; lastKnownFileType = sourcecode.swift; path = EndPointType.swift; sourceTree = "<group>"; };
		D4E6C80D2444C2E70067563D /* Constants.swift */ = {isa = PBXFileReference; lastKnownFileType = sourcecode.swift; path = Constants.swift; sourceTree = "<group>"; };
		D4E6C8102444C37F0067563D /* AuthEndPoint.swift */ = {isa = PBXFileReference; lastKnownFileType = sourcecode.swift; path = AuthEndPoint.swift; sourceTree = "<group>"; };
		EB64FB5949269D5575899DEA /* Pods-Expo.debug.xcconfig */ = {isa = PBXFileReference; includeInIndex = 1; lastKnownFileType = text.xcconfig; name = "Pods-Expo.debug.xcconfig"; path = "Target Support Files/Pods-Expo/Pods-Expo.debug.xcconfig"; sourceTree = "<group>"; };
		EFE9F9A4217C60EB6836EC33 /* Pods_Expo.framework */ = {isa = PBXFileReference; explicitFileType = wrapper.framework; includeInIndex = 0; path = Pods_Expo.framework; sourceTree = BUILT_PRODUCTS_DIR; };
/* End PBXFileReference section */

/* Begin PBXFrameworksBuildPhase section */
		D48BF085242E342900F43C57 /* Frameworks */ = {
			isa = PBXFrameworksBuildPhase;
			buildActionMask = 2147483647;
			files = (
				67F85D491437577F38FBADF3 /* Pods_Expo.framework in Frameworks */,
			);
			runOnlyForDeploymentPostprocessing = 0;
		};
/* End PBXFrameworksBuildPhase section */

/* Begin PBXGroup section */
		603FC3A5A14A27AD9D0DF686 /* Pods */ = {
			isa = PBXGroup;
			children = (
				EB64FB5949269D5575899DEA /* Pods-Expo.debug.xcconfig */,
				D017D3FCD9BDE450934CA987 /* Pods-Expo.release.xcconfig */,
			);
			path = Pods;
			sourceTree = "<group>";
		};
		A005B95FB057042E84464D3E /* Frameworks */ = {
			isa = PBXGroup;
			children = (
				EFE9F9A4217C60EB6836EC33 /* Pods_Expo.framework */,
			);
			name = Frameworks;
			sourceTree = "<group>";
		};
		D42325E92440D7850037FB07 /* My Expos */ = {
			isa = PBXGroup;
			children = (
				D440E27C24311C3500F8B986 /* MyExposViewController.swift */,
				D42325EA2440D7B50037FB07 /* MyExpoListTableViewController.swift */,
				D4C817682446585300A33505 /* ManageExpoViewController.swift */,
			);
			path = "My Expos";
			sourceTree = "<group>";
		};
		D440E27624311B8400F8B986 /* Authentication */ = {
			isa = PBXGroup;
			children = (
				D48BF08F242E342900F43C57 /* LogInViewController.swift */,
				D44E6C92242E40460082A784 /* SignUpViewController.swift */,
				D470C05D242EA93A00ED48DA /* AuthenticationViewController.swift */,
				D450C15F243E0D19009D93DD /* AuthChoiceViewController.swift */,
				D450C17B243FD04E009D93DD /* AuthChoiceNavigationController.swift */,
			);
			path = Authentication;
			sourceTree = "<group>";
		};
		D440E27724311B8F00F8B986 /* Menu */ = {
			isa = PBXGroup;
			children = (
				D42325E92440D7850037FB07 /* My Expos */,
				D440E27A24311BCB00F8B986 /* SettingsViewController.swift */,
				D450C17D2440A5FF009D93DD /* ProfileViewController.swift */,
			);
			path = Menu;
			sourceTree = "<group>";
		};
		D440E28024311E9400F8B986 /* MainScreen */ = {
			isa = PBXGroup;
			children = (
				D440E28124311EE100F8B986 /* MainScreenViewController.swift */,
				D440E28324311F2B00F8B986 /* ExpoListTableViewController.swift */,
				D450C167243E67B6009D93DD /* MainScreenTabBarController.swift */,
			);
			path = MainScreen;
			sourceTree = "<group>";
		};
		D440E28524311F4A00F8B986 /* TableCells */ = {
			isa = PBXGroup;
			children = (
				D440E28624311F6200F8B986 /* ExpoTableViewCell.swift */,
				D4C817742447616200A33505 /* CommentTableViewCell.swift */,
				D4B9A6F62447BF0B00E00602 /* FileSelectorTableViewCell.swift */,
			);
			path = TableCells;
			sourceTree = "<group>";
		};
		D440E28824311F7300F8B986 /* Supporting Files */ = {
			isa = PBXGroup;
			children = (
				D4928C6B244CA91900D2405C /* Localization */,
				D48BF091242E342900F43C57 /* Main.storyboard */,
				D48BF096242E342E00F43C57 /* LaunchScreen.storyboard */,
				D450C16C243F8A79009D93DD /* Utlis */,
			);
			path = "Supporting Files";
			sourceTree = "<group>";
		};
		D44DF67B2432475700DC8BD2 /* Navigation */ = {
			isa = PBXGroup;
			children = (
				D44DF67C2432476C00DC8BD2 /* RootViewController.swift */,
				D4C8177024473B3F00A33505 /* ExpoNavigationController.swift */,
			);
			path = Navigation;
			sourceTree = "<group>";
		};
		D44DF67E2432482100DC8BD2 /* Splash */ = {
			isa = PBXGroup;
			children = (
				D44DF67F2432484700DC8BD2 /* SplashViewController.swift */,
			);
			path = Splash;
			sourceTree = "<group>";
		};
		D44E6C8E242E3FC20082A784 /* Controller */ = {
			isa = PBXGroup;
			children = (
				D456BEC2242EB536006D9965 /* Protocols */,
				D44DF67B2432475700DC8BD2 /* Navigation */,
				D44DF67E2432482100DC8BD2 /* Splash */,
				D440E27724311B8F00F8B986 /* Menu */,
				D440E27624311B8400F8B986 /* Authentication */,
				D440E28024311E9400F8B986 /* MainScreen */,
				D450C169243F577B009D93DD /* Expo */,
			);
			path = Controller;
			sourceTree = "<group>";
		};
		D44E6C8F242E3FC90082A784 /* Model */ = {
			isa = PBXGroup;
			children = (
				D470C055242E630200ED48DA /* User.swift */,
				D440E26D242FECFA00F8B986 /* Expo.swift */,
				D440E2732430001800F8B986 /* ARModel.swift */,
				D450C163243E1B60009D93DD /* AppSession.swift */,
				D450C173243FAEFC009D93DD /* Download.swift */,
				D41DA7C224461732002EA632 /* UserToExpo.swift */,
				D4C81766244645F900A33505 /* Comment.swift */,
				D4928C75244F63CF00D2405C /* ImgurResponse.swift */,
			);
			path = Model;
			sourceTree = "<group>";
		};
		D44E6C90242E3FCE0082A784 /* View */ = {
			isa = PBXGroup;
			children = (
				D450C176243FC508009D93DD /* Profile */,
				D440E28524311F4A00F8B986 /* TableCells */,
				D450C175243FC4FA009D93DD /* Extensions */,
			);
			path = View;
			sourceTree = "<group>";
		};
		D44E6C91242E3FDF0082A784 /* AppFiles */ = {
			isa = PBXGroup;
			children = (
				D48BF08B242E342900F43C57 /* AppDelegate.swift */,
				D48BF08D242E342900F43C57 /* SceneDelegate.swift */,
				D44DF6812432487000DC8BD2 /* Defaults.swift */,
			);
			path = AppFiles;
			sourceTree = "<group>";
		};
		D450C169243F577B009D93DD /* Expo */ = {
			isa = PBXGroup;
			children = (
				D450C16A243F57A0009D93DD /* ExpoViewController.swift */,
				D4C8176C244670E300A33505 /* ARViewController.swift */,
				D4C8176E244670FD00A33505 /* CommentsViewController.swift */,
			);
			path = Expo;
			sourceTree = "<group>";
		};
		D450C16C243F8A79009D93DD /* Utlis */ = {
			isa = PBXGroup;
			children = (
				D450C16D243F8A97009D93DD /* DateFromatting.swift */,
			);
			path = Utlis;
			sourceTree = "<group>";
		};
		D450C175243FC4FA009D93DD /* Extensions */ = {
			isa = PBXGroup;
			children = (
				D470C057242E6EC100ED48DA /* UIButtonExtension.swift */,
				D440E28924312C0500F8B986 /* UIImageViewExtension.swift */,
				D450C165243E6092009D93DD /* UIStoryboardExtension.swift */,
				D450C171243F9D46009D93DD /* UIViewExtension.swift */,
				D41DA7C02445DE8D002EA632 /* UIAlertControllerExtension.swift */,
			);
			path = Extensions;
			sourceTree = "<group>";
		};
		D450C176243FC508009D93DD /* Profile */ = {
			isa = PBXGroup;
			children = (
				D450C177243FC520009D93DD /* ProfileTableViewCell.swift */,
			);
			path = Profile;
			sourceTree = "<group>";
		};
		D456BEC2242EB536006D9965 /* Protocols */ = {
			isa = PBXGroup;
			children = (
				D470C053242E5FCD00ED48DA /* FormDataSender.swift */,
				D456BEC3242EB54B006D9965 /* SegueHandler.swift */,
			);
			path = Protocols;
			sourceTree = "<group>";
		};
		D48BF07F242E342900F43C57 = {
			isa = PBXGroup;
			children = (
				D48BF08A242E342900F43C57 /* Expo */,
				D48BF089242E342900F43C57 /* Products */,
				603FC3A5A14A27AD9D0DF686 /* Pods */,
				A005B95FB057042E84464D3E /* Frameworks */,
			);
			sourceTree = "<group>";
		};
		D48BF089242E342900F43C57 /* Products */ = {
			isa = PBXGroup;
			children = (
				D48BF088242E342900F43C57 /* Expo.app */,
			);
			name = Products;
			sourceTree = "<group>";
		};
		D48BF08A242E342900F43C57 /* Expo */ = {
			isa = PBXGroup;
			children = (
				D440E28824311F7300F8B986 /* Supporting Files */,
				D44E6C91242E3FDF0082A784 /* AppFiles */,
				D44E6C8F242E3FC90082A784 /* Model */,
				D44E6C90242E3FCE0082A784 /* View */,
				D44E6C8E242E3FC20082A784 /* Controller */,
				D4E6C80A2444BE200067563D /* Networking */,
				D48BF094242E342E00F43C57 /* Assets.xcassets */,
				D48BF099242E342E00F43C57 /* Info.plist */,
				D4435E60244B790A00A7B9EA /* art.scnassets */,
				D470C05B242E7ECF00ED48DA /* .gitignore */,
			);
			path = Expo;
			sourceTree = "<group>";
		};
		D4928C6B244CA91900D2405C /* Localization */ = {
			isa = PBXGroup;
			children = (
				D4928C70244CABE600D2405C /* Localizable.strings */,
				D4928C6C244CA92600D2405C /* Localization.swift */,
			);
			path = Localization;
			sourceTree = "<group>";
		};
		D4DC5A6D2444D752005285D5 /* Service */ = {
			isa = PBXGroup;
			children = (
				D4E6C80B2444C1550067563D /* EndPointType.swift */,
				D4DC5A802444E5E4005285D5 /* HTTPTask.swift */,
				D4DC5A822444E9E5005285D5 /* NetworkRouter.swift */,
				D4DC5A842444EA8D005285D5 /* Router.swift */,
				D41DA7BE2445B25A002EA632 /* APIClient.swift */,
			);
			path = Service;
			sourceTree = "<group>";
		};
		D4DC5A762444DF1D005285D5 /* Encoding */ = {
			isa = PBXGroup;
			children = (
				D4DC5A772444DF3F005285D5 /* ParameterEncoder.swift */,
				D4DC5A792444DFD3005285D5 /* URLParameterEncoder.swift */,
				D4DC5A7E2444E32E005285D5 /* JSONParameterEncoder.swift */,
			);
			path = Encoding;
			sourceTree = "<group>";
		};
		D4E6C80A2444BE200067563D /* Networking */ = {
			isa = PBXGroup;
			children = (
				D4DC5A7C2444E070005285D5 /* Errors.swift */,
				D4E6C80D2444C2E70067563D /* Constants.swift */,
				D4435E39244A028E00A7B9EA /* ParameterKeys.swift */,
				D4DC5A6D2444D752005285D5 /* Service */,
				D4E6C80F2444C3760067563D /* EndPoints */,
				D4DC5A762444DF1D005285D5 /* Encoding */,
			);
			path = Networking;
			sourceTree = "<group>";
		};
		D4E6C80F2444C3760067563D /* EndPoints */ = {
			isa = PBXGroup;
			children = (
				D4E6C8102444C37F0067563D /* AuthEndPoint.swift */,
				D4DC5A6E2444D7D0005285D5 /* UserEndPoint.swift */,
				D4DC5A702444D7EA005285D5 /* ExpoEndPoint.swift */,
				D4DC5A722444D844005285D5 /* CommentsEndPoint.swift */,
				D4DC5A742444D862005285D5 /* ExpoModelEndPoint.swift */,
				D4928C73244F5FD800D2405C /* ImgurEndPoint.swift */,
			);
			path = EndPoints;
			sourceTree = "<group>";
		};
/* End PBXGroup section */

/* Begin PBXNativeTarget section */
		D48BF087242E342900F43C57 /* Expo */ = {
			isa = PBXNativeTarget;
			buildConfigurationList = D48BF09C242E342E00F43C57 /* Build configuration list for PBXNativeTarget "Expo" */;
			buildPhases = (
				B70203BBD9FB85C4DB7B8512 /* [CP] Check Pods Manifest.lock */,
				D48BF084242E342900F43C57 /* Sources */,
				D48BF085242E342900F43C57 /* Frameworks */,
				D48BF086242E342900F43C57 /* Resources */,
				1052BA2696545B9711CC65AD /* [CP] Embed Pods Frameworks */,
			);
			buildRules = (
			);
			dependencies = (
			);
			name = Expo;
			productName = Expo;
			productReference = D48BF088242E342900F43C57 /* Expo.app */;
			productType = "com.apple.product-type.application";
		};
/* End PBXNativeTarget section */

/* Begin PBXProject section */
		D48BF080242E342900F43C57 /* Project object */ = {
			isa = PBXProject;
			attributes = {
				LastSwiftUpdateCheck = 1140;
				LastUpgradeCheck = 1140;
				ORGANIZATIONNAME = "Nikandr Marhal";
				TargetAttributes = {
					D48BF087242E342900F43C57 = {
						CreatedOnToolsVersion = 11.4;
					};
				};
			};
			buildConfigurationList = D48BF083242E342900F43C57 /* Build configuration list for PBXProject "Expo" */;
			compatibilityVersion = "Xcode 9.3";
			developmentRegion = en;
			hasScannedForEncodings = 0;
			knownRegions = (
				en,
				Base,
				uk,
			);
			mainGroup = D48BF07F242E342900F43C57;
			productRefGroup = D48BF089242E342900F43C57 /* Products */;
			projectDirPath = "";
			projectRoot = "";
			targets = (
				D48BF087242E342900F43C57 /* Expo */,
			);
		};
/* End PBXProject section */

/* Begin PBXResourcesBuildPhase section */
		D48BF086242E342900F43C57 /* Resources */ = {
			isa = PBXResourcesBuildPhase;
			buildActionMask = 2147483647;
			files = (
				D470C05C242E7ECF00ED48DA /* .gitignore in Resources */,
				D4928C72244CCC1E00D2405C /* Localizable.strings in Resources */,
				D48BF098242E342E00F43C57 /* LaunchScreen.storyboard in Resources */,
				D4435E61244B790B00A7B9EA /* art.scnassets in Resources */,
				D4928C772450312D00D2405C /* Assets.xcassets in Resources */,
				D48BF093242E342900F43C57 /* Main.storyboard in Resources */,
			);
			runOnlyForDeploymentPostprocessing = 0;
		};
/* End PBXResourcesBuildPhase section */

/* Begin PBXShellScriptBuildPhase section */
		1052BA2696545B9711CC65AD /* [CP] Embed Pods Frameworks */ = {
			isa = PBXShellScriptBuildPhase;
			buildActionMask = 2147483647;
			files = (
			);
			inputFileListPaths = (
				"${PODS_ROOT}/Target Support Files/Pods-Expo/Pods-Expo-frameworks-${CONFIGURATION}-input-files.xcfilelist",
			);
			name = "[CP] Embed Pods Frameworks";
			outputFileListPaths = (
				"${PODS_ROOT}/Target Support Files/Pods-Expo/Pods-Expo-frameworks-${CONFIGURATION}-output-files.xcfilelist",
			);
			runOnlyForDeploymentPostprocessing = 0;
			shellPath = /bin/sh;
			shellScript = "\"${PODS_ROOT}/Target Support Files/Pods-Expo/Pods-Expo-frameworks.sh\"\n";
			showEnvVarsInLog = 0;
		};
		B70203BBD9FB85C4DB7B8512 /* [CP] Check Pods Manifest.lock */ = {
			isa = PBXShellScriptBuildPhase;
			buildActionMask = 2147483647;
			files = (
			);
			inputFileListPaths = (
			);
			inputPaths = (
				"${PODS_PODFILE_DIR_PATH}/Podfile.lock",
				"${PODS_ROOT}/Manifest.lock",
			);
			name = "[CP] Check Pods Manifest.lock";
			outputFileListPaths = (
			);
			outputPaths = (
				"$(DERIVED_FILE_DIR)/Pods-Expo-checkManifestLockResult.txt",
			);
			runOnlyForDeploymentPostprocessing = 0;
			shellPath = /bin/sh;
			shellScript = "diff \"${PODS_PODFILE_DIR_PATH}/Podfile.lock\" \"${PODS_ROOT}/Manifest.lock\" > /dev/null\nif [ $? != 0 ] ; then\n    # print error to STDERR\n    echo \"error: The sandbox is not in sync with the Podfile.lock. Run 'pod install' or update your CocoaPods installation.\" >&2\n    exit 1\nfi\n# This output is used by Xcode 'outputs' to avoid re-running this script phase.\necho \"SUCCESS\" > \"${SCRIPT_OUTPUT_FILE_0}\"\n";
			showEnvVarsInLog = 0;
		};
/* End PBXShellScriptBuildPhase section */

/* Begin PBXSourcesBuildPhase section */
		D48BF084242E342900F43C57 /* Sources */ = {
			isa = PBXSourcesBuildPhase;
			buildActionMask = 2147483647;
			files = (
				D440E28724311F6200F8B986 /* ExpoTableViewCell.swift in Sources */,
				D4E6C80E2444C2E70067563D /* Constants.swift in Sources */,
				D440E28224311EE100F8B986 /* MainScreenViewController.swift in Sources */,
				D48BF090242E342900F43C57 /* LogInViewController.swift in Sources */,
				D4E6C8112444C37F0067563D /* AuthEndPoint.swift in Sources */,
				D4928C74244F5FD800D2405C /* ImgurEndPoint.swift in Sources */,
				D44DF6822432487000DC8BD2 /* Defaults.swift in Sources */,
				D450C16B243F57A0009D93DD /* ExpoViewController.swift in Sources */,
				D4DC5A7A2444DFD3005285D5 /* URLParameterEncoder.swift in Sources */,
				D44DF67D2432476C00DC8BD2 /* RootViewController.swift in Sources */,
				D470C056242E630200ED48DA /* User.swift in Sources */,
				D4E6C80C2444C1550067563D /* EndPointType.swift in Sources */,
				D4C817752447616300A33505 /* CommentTableViewCell.swift in Sources */,
				D470C058242E6EC100ED48DA /* UIButtonExtension.swift in Sources */,
				D44DF6802432484700DC8BD2 /* SplashViewController.swift in Sources */,
				D4DC5A752444D862005285D5 /* ExpoModelEndPoint.swift in Sources */,
				D41DA7C324461732002EA632 /* UserToExpo.swift in Sources */,
				D450C174243FAEFC009D93DD /* Download.swift in Sources */,
				D440E26E242FECFA00F8B986 /* Expo.swift in Sources */,
				D4DC5A852444EA8D005285D5 /* Router.swift in Sources */,
				D450C166243E6092009D93DD /* UIStoryboardExtension.swift in Sources */,
				D4DC5A832444E9E5005285D5 /* NetworkRouter.swift in Sources */,
				D456BEC4242EB54B006D9965 /* SegueHandler.swift in Sources */,
				D4C817692446585300A33505 /* ManageExpoViewController.swift in Sources */,
				D41DA7C12445DE8D002EA632 /* UIAlertControllerExtension.swift in Sources */,
				D440E28424311F2B00F8B986 /* ExpoListTableViewController.swift in Sources */,
				D4DC5A782444DF3F005285D5 /* ParameterEncoder.swift in Sources */,
				D48BF08C242E342900F43C57 /* AppDelegate.swift in Sources */,
				D450C17C243FD04E009D93DD /* AuthChoiceNavigationController.swift in Sources */,
				D41DA7BF2445B25A002EA632 /* APIClient.swift in Sources */,
				D4C8176D244670E300A33505 /* ARViewController.swift in Sources */,
				D4B9A6F72447BF0B00E00602 /* FileSelectorTableViewCell.swift in Sources */,
				D450C16E243F8A97009D93DD /* DateFromatting.swift in Sources */,
				D440E2742430001800F8B986 /* ARModel.swift in Sources */,
				D450C160243E0D19009D93DD /* AuthChoiceViewController.swift in Sources */,
				D440E27B24311BCB00F8B986 /* SettingsViewController.swift in Sources */,
				D4DC5A7F2444E32E005285D5 /* JSONParameterEncoder.swift in Sources */,
				D450C164243E1B60009D93DD /* AppSession.swift in Sources */,
				D450C168243E67B6009D93DD /* MainScreenTabBarController.swift in Sources */,
				D4DC5A712444D7EA005285D5 /* ExpoEndPoint.swift in Sources */,
				D4C81767244645F900A33505 /* Comment.swift in Sources */,
				D4928C6D244CA92600D2405C /* Localization.swift in Sources */,
				D440E27D24311C3500F8B986 /* MyExposViewController.swift in Sources */,
				D440E28A24312C0500F8B986 /* UIImageViewExtension.swift in Sources */,
				D4DC5A732444D844005285D5 /* CommentsEndPoint.swift in Sources */,
				D450C179243FC520009D93DD /* ProfileTableViewCell.swift in Sources */,
				D450C172243F9D46009D93DD /* UIViewExtension.swift in Sources */,
				D4C8176F244670FD00A33505 /* CommentsViewController.swift in Sources */,
				D4C8177124473B3F00A33505 /* ExpoNavigationController.swift in Sources */,
				D4DC5A7D2444E070005285D5 /* Errors.swift in Sources */,
				D470C05E242EA93A00ED48DA /* AuthenticationViewController.swift in Sources */,
				D450C17E2440A5FF009D93DD /* ProfileViewController.swift in Sources */,
				D4DC5A6F2444D7D0005285D5 /* UserEndPoint.swift in Sources */,
				D42325EB2440D7B50037FB07 /* MyExpoListTableViewController.swift in Sources */,
				D4435E3A244A028E00A7B9EA /* ParameterKeys.swift in Sources */,
				D4DC5A812444E5E4005285D5 /* HTTPTask.swift in Sources */,
				D470C054242E5FCD00ED48DA /* FormDataSender.swift in Sources */,
				D4928C76244F63CF00D2405C /* ImgurResponse.swift in Sources */,
				D44E6C93242E40460082A784 /* SignUpViewController.swift in Sources */,
				D48BF08E242E342900F43C57 /* SceneDelegate.swift in Sources */,
			);
			runOnlyForDeploymentPostprocessing = 0;
		};
/* End PBXSourcesBuildPhase section */

/* Begin PBXVariantGroup section */
		D48BF091242E342900F43C57 /* Main.storyboard */ = {
			isa = PBXVariantGroup;
			children = (
				D48BF092242E342900F43C57 /* Base */,
				D4928C65244CA20100D2405C /* uk */,
			);
			name = Main.storyboard;
			sourceTree = "<group>";
		};
		D48BF096242E342E00F43C57 /* LaunchScreen.storyboard */ = {
			isa = PBXVariantGroup;
			children = (
				D48BF097242E342E00F43C57 /* Base */,
				D4928C66244CA20200D2405C /* uk */,
			);
			name = LaunchScreen.storyboard;
			sourceTree = "<group>";
		};
		D4928C70244CABE600D2405C /* Localizable.strings */ = {
			isa = PBXVariantGroup;
			children = (
				D4928C6F244CABE600D2405C /* en */,
				D4928C71244CABEB00D2405C /* uk */,
			);
			name = Localizable.strings;
			sourceTree = "<group>";
		};
/* End PBXVariantGroup section */

/* Begin XCBuildConfiguration section */
		D48BF09A242E342E00F43C57 /* Debug */ = {
			isa = XCBuildConfiguration;
			buildSettings = {
				ALWAYS_SEARCH_USER_PATHS = NO;
				CLANG_ANALYZER_LOCALIZABILITY_NONLOCALIZED = YES;
				CLANG_ANALYZER_NONNULL = YES;
				CLANG_ANALYZER_NUMBER_OBJECT_CONVERSION = YES_AGGRESSIVE;
				CLANG_CXX_LANGUAGE_STANDARD = "gnu++14";
				CLANG_CXX_LIBRARY = "libc++";
				CLANG_ENABLE_MODULES = YES;
				CLANG_ENABLE_OBJC_ARC = YES;
				CLANG_ENABLE_OBJC_WEAK = YES;
				CLANG_WARN_BLOCK_CAPTURE_AUTORELEASING = YES;
				CLANG_WARN_BOOL_CONVERSION = YES;
				CLANG_WARN_COMMA = YES;
				CLANG_WARN_CONSTANT_CONVERSION = YES;
				CLANG_WARN_DEPRECATED_OBJC_IMPLEMENTATIONS = YES;
				CLANG_WARN_DIRECT_OBJC_ISA_USAGE = YES_ERROR;
				CLANG_WARN_DOCUMENTATION_COMMENTS = YES;
				CLANG_WARN_EMPTY_BODY = YES;
				CLANG_WARN_ENUM_CONVERSION = YES;
				CLANG_WARN_INFINITE_RECURSION = YES;
				CLANG_WARN_INT_CONVERSION = YES;
				CLANG_WARN_NON_LITERAL_NULL_CONVERSION = YES;
				CLANG_WARN_OBJC_IMPLICIT_RETAIN_SELF = YES;
				CLANG_WARN_OBJC_LITERAL_CONVERSION = YES;
				CLANG_WARN_OBJC_ROOT_CLASS = YES_ERROR;
				CLANG_WARN_RANGE_LOOP_ANALYSIS = YES;
				CLANG_WARN_STRICT_PROTOTYPES = YES;
				CLANG_WARN_SUSPICIOUS_MOVE = YES;
				CLANG_WARN_UNGUARDED_AVAILABILITY = YES_AGGRESSIVE;
				CLANG_WARN_UNREACHABLE_CODE = YES;
				CLANG_WARN__DUPLICATE_METHOD_MATCH = YES;
				COPY_PHASE_STRIP = NO;
				DEBUG_INFORMATION_FORMAT = dwarf;
				ENABLE_STRICT_OBJC_MSGSEND = YES;
				ENABLE_TESTABILITY = YES;
				GCC_C_LANGUAGE_STANDARD = gnu11;
				GCC_DYNAMIC_NO_PIC = NO;
				GCC_NO_COMMON_BLOCKS = YES;
				GCC_OPTIMIZATION_LEVEL = 0;
				GCC_PREPROCESSOR_DEFINITIONS = (
					"DEBUG=1",
					"$(inherited)",
				);
				GCC_WARN_64_TO_32_BIT_CONVERSION = YES;
				GCC_WARN_ABOUT_RETURN_TYPE = YES_ERROR;
				GCC_WARN_UNDECLARED_SELECTOR = YES;
				GCC_WARN_UNINITIALIZED_AUTOS = YES_AGGRESSIVE;
				GCC_WARN_UNUSED_FUNCTION = YES;
				GCC_WARN_UNUSED_VARIABLE = YES;
				IPHONEOS_DEPLOYMENT_TARGET = 13.4;
				MTL_ENABLE_DEBUG_INFO = INCLUDE_SOURCE;
				MTL_FAST_MATH = YES;
				ONLY_ACTIVE_ARCH = YES;
				SDKROOT = iphoneos;
				SWIFT_ACTIVE_COMPILATION_CONDITIONS = DEBUG;
				SWIFT_OPTIMIZATION_LEVEL = "-Onone";
			};
			name = Debug;
		};
		D48BF09B242E342E00F43C57 /* Release */ = {
			isa = XCBuildConfiguration;
			buildSettings = {
				ALWAYS_SEARCH_USER_PATHS = NO;
				CLANG_ANALYZER_LOCALIZABILITY_NONLOCALIZED = YES;
				CLANG_ANALYZER_NONNULL = YES;
				CLANG_ANALYZER_NUMBER_OBJECT_CONVERSION = YES_AGGRESSIVE;
				CLANG_CXX_LANGUAGE_STANDARD = "gnu++14";
				CLANG_CXX_LIBRARY = "libc++";
				CLANG_ENABLE_MODULES = YES;
				CLANG_ENABLE_OBJC_ARC = YES;
				CLANG_ENABLE_OBJC_WEAK = YES;
				CLANG_WARN_BLOCK_CAPTURE_AUTORELEASING = YES;
				CLANG_WARN_BOOL_CONVERSION = YES;
				CLANG_WARN_COMMA = YES;
				CLANG_WARN_CONSTANT_CONVERSION = YES;
				CLANG_WARN_DEPRECATED_OBJC_IMPLEMENTATIONS = YES;
				CLANG_WARN_DIRECT_OBJC_ISA_USAGE = YES_ERROR;
				CLANG_WARN_DOCUMENTATION_COMMENTS = YES;
				CLANG_WARN_EMPTY_BODY = YES;
				CLANG_WARN_ENUM_CONVERSION = YES;
				CLANG_WARN_INFINITE_RECURSION = YES;
				CLANG_WARN_INT_CONVERSION = YES;
				CLANG_WARN_NON_LITERAL_NULL_CONVERSION = YES;
				CLANG_WARN_OBJC_IMPLICIT_RETAIN_SELF = YES;
				CLANG_WARN_OBJC_LITERAL_CONVERSION = YES;
				CLANG_WARN_OBJC_ROOT_CLASS = YES_ERROR;
				CLANG_WARN_RANGE_LOOP_ANALYSIS = YES;
				CLANG_WARN_STRICT_PROTOTYPES = YES;
				CLANG_WARN_SUSPICIOUS_MOVE = YES;
				CLANG_WARN_UNGUARDED_AVAILABILITY = YES_AGGRESSIVE;
				CLANG_WARN_UNREACHABLE_CODE = YES;
				CLANG_WARN__DUPLICATE_METHOD_MATCH = YES;
				COPY_PHASE_STRIP = NO;
				DEBUG_INFORMATION_FORMAT = "dwarf-with-dsym";
				ENABLE_NS_ASSERTIONS = NO;
				ENABLE_STRICT_OBJC_MSGSEND = YES;
				GCC_C_LANGUAGE_STANDARD = gnu11;
				GCC_NO_COMMON_BLOCKS = YES;
				GCC_WARN_64_TO_32_BIT_CONVERSION = YES;
				GCC_WARN_ABOUT_RETURN_TYPE = YES_ERROR;
				GCC_WARN_UNDECLARED_SELECTOR = YES;
				GCC_WARN_UNINITIALIZED_AUTOS = YES_AGGRESSIVE;
				GCC_WARN_UNUSED_FUNCTION = YES;
				GCC_WARN_UNUSED_VARIABLE = YES;
				IPHONEOS_DEPLOYMENT_TARGET = 13.4;
				MTL_ENABLE_DEBUG_INFO = NO;
				MTL_FAST_MATH = YES;
				SDKROOT = iphoneos;
				SWIFT_COMPILATION_MODE = wholemodule;
				SWIFT_OPTIMIZATION_LEVEL = "-O";
				VALIDATE_PRODUCT = YES;
			};
			name = Release;
		};
		D48BF09D242E342E00F43C57 /* Debug */ = {
			isa = XCBuildConfiguration;
			baseConfigurationReference = EB64FB5949269D5575899DEA /* Pods-Expo.debug.xcconfig */;
			buildSettings = {
				ASSETCATALOG_COMPILER_APPICON_NAME = AppIcon;
				CODE_SIGN_STYLE = Automatic;
				DEVELOPMENT_TEAM = 9LY79WQUU9;
				INFOPLIST_FILE = Expo/Info.plist;
				IPHONEOS_DEPLOYMENT_TARGET = 13.3;
				LD_RUNPATH_SEARCH_PATHS = (
					"$(inherited)",
					"@executable_path/Frameworks",
				);
				PRODUCT_BUNDLE_IDENTIFIER = com.nikndr.Expo;
				PRODUCT_NAME = "$(TARGET_NAME)";
				SWIFT_VERSION = 5.0;
				TARGETED_DEVICE_FAMILY = "1,2";
			};
			name = Debug;
		};
		D48BF09E242E342E00F43C57 /* Release */ = {
			isa = XCBuildConfiguration;
			baseConfigurationReference = D017D3FCD9BDE450934CA987 /* Pods-Expo.release.xcconfig */;
			buildSettings = {
				ASSETCATALOG_COMPILER_APPICON_NAME = AppIcon;
				CODE_SIGN_STYLE = Automatic;
				DEVELOPMENT_TEAM = 9LY79WQUU9;
				INFOPLIST_FILE = Expo/Info.plist;
				IPHONEOS_DEPLOYMENT_TARGET = 13.3;
				LD_RUNPATH_SEARCH_PATHS = (
					"$(inherited)",
					"@executable_path/Frameworks",
				);
				PRODUCT_BUNDLE_IDENTIFIER = com.nikndr.Expo;
				PRODUCT_NAME = "$(TARGET_NAME)";
				SWIFT_VERSION = 5.0;
				TARGETED_DEVICE_FAMILY = "1,2";
			};
			name = Release;
		};
/* End XCBuildConfiguration section */

/* Begin XCConfigurationList section */
		D48BF083242E342900F43C57 /* Build configuration list for PBXProject "Expo" */ = {
			isa = XCConfigurationList;
			buildConfigurations = (
				D48BF09A242E342E00F43C57 /* Debug */,
				D48BF09B242E342E00F43C57 /* Release */,
			);
			defaultConfigurationIsVisible = 0;
			defaultConfigurationName = Release;
		};
		D48BF09C242E342E00F43C57 /* Build configuration list for PBXNativeTarget "Expo" */ = {
			isa = XCConfigurationList;
			buildConfigurations = (
				D48BF09D242E342E00F43C57 /* Debug */,
				D48BF09E242E342E00F43C57 /* Release */,
			);
			defaultConfigurationIsVisible = 0;
			defaultConfigurationName = Release;
		};
/* End XCConfigurationList section */
	};
	rootObject = D48BF080242E342900F43C57 /* Project object */;
}
